
Microsoft Visual Studio Solution File, Format Version 12.00
# Visual Studio 2013
VisualStudioVersion = 12.0.31101.0
MinimumVisualStudioVersion = 10.0.40219.1
Project("{FAE04EC0-301F-11D3-BF4B-00C04F79EFBC}") = "CSU_CRM_WEB", "CSU_CRM_WEB\CSU_CRM_WEB.csproj", "{1048EB27-F860-44E9-893A-C5128F6FCCFC}"
EndProject
Global
	GlobalSection(SolutionConfigurationPlatforms) = preSolution
		Debug|Any CPU = Debug|Any CPU
		Debug|x86 = Debug|x86
		Release|Any CPU = Release|Any CPU
		Release|x86 = Release|x86
	EndGlobalSection
	GlobalSection(ProjectConfigurationPlatforms) = postSolution
		{1048EB27-F860-44E9-893A-C5128F6FCCFC}.Debug|Any CPU.ActiveCfg = Debug|Any CPU
		{1048EB27-F860-44E9-893A-C5128F6FCCFC}.Debug|Any CPU.Build.0 = Debug|Any CPU
		{1048EB27-F860-44E9-893A-C5128F6FCCFC}.Debug|x86.ActiveCfg = Debug|x86
		{1048EB27-F860-44E9-893A-C5128F6FCCFC}.Debug|x86.Build.0 = Debug|x86
		{1048EB27-F860-44E9-893A-C5128F6FCCFC}.Release|Any CPU.ActiveCfg = Release|Any CPU
		{1048EB27-F860-44E9-893A-C5128F6FCCFC}.Release|Any CPU.Build.0 = Release|Any CPU
		{1048EB27-F860-44E9-893A-C5128F6FCCFC}.Release|x86.ActiveCfg = Release|x86
		{1048EB27-F860-44E9-893A-C5128F6FCCFC}.Release|x86.Build.0 = Release|x86
	EndGlobalSection
	GlobalSection(SolutionProperties) = preSolution
		HideSolutionNode = FALSE
	EndGlobalSection
EndGlobal
